// !$*UTF8*$!
{
	archiveVersion = 1;
	classes = {
	};
	objectVersion = 46;
	objects = {

/* Begin PBXBuildFile section */
		1A8838B5DB09FC2111DE92C2 /* Pods_SmartHawkerTests.framework in Frameworks */ = {isa = PBXBuildFile; fileRef = BF1AADDE60801935A52B95D8 /* Pods_SmartHawkerTests.framework */; };
		54C16EE156C848FD2B0CA28F /* Pods_SmartHawkerUITests.framework in Frameworks */ = {isa = PBXBuildFile; fileRef = E7E97FD6DE71ED66BFDD3AFD /* Pods_SmartHawkerUITests.framework */; };
		6A016B781D4CECAC007C38E4 /* RecordDayViewController.swift in Sources */ = {isa = PBXBuildFile; fileRef = 6A016B771D4CECAC007C38E4 /* RecordDayViewController.swift */; };
		6A016B821D4F798F007C38E4 /* AddNewSubUserViewController.swift in Sources */ = {isa = PBXBuildFile; fileRef = 6A016B811D4F798F007C38E4 /* AddNewSubUserViewController.swift */; };
		6A016B841D505BFA007C38E4 /* RecordExpensesViewController.swift in Sources */ = {isa = PBXBuildFile; fileRef = 6A016B831D505BFA007C38E4 /* RecordExpensesViewController.swift */; };
		6A016B861D53931F007C38E4 /* SubuserTableViewCell.swift in Sources */ = {isa = PBXBuildFile; fileRef = 6A016B851D53931F007C38E4 /* SubuserTableViewCell.swift */; };
		6A016B881D53A8A7007C38E4 /* SubuserViewController.swift in Sources */ = {isa = PBXBuildFile; fileRef = 6A016B871D53A8A7007C38E4 /* SubuserViewController.swift */; };
		6A096BFD1D21714C007BF9EB /* RecordSalesViewController.swift in Sources */ = {isa = PBXBuildFile; fileRef = 6A096BFC1D21714C007BF9EB /* RecordSalesViewController.swift */; };
		6A096BFF1D22C79A007BF9EB /* ShareData.swift in Sources */ = {isa = PBXBuildFile; fileRef = 6A096BFE1D22C79A007BF9EB /* ShareData.swift */; };
		6A0E199D1D60376F00564FF3 /* RegistrationController.swift in Sources */ = {isa = PBXBuildFile; fileRef = 6A0E199C1D60376F00564FF3 /* RegistrationController.swift */; };
		6A0E199F1D61854A00564FF3 /* AdminPINController.swift in Sources */ = {isa = PBXBuildFile; fileRef = 6A0E199E1D61854A00564FF3 /* AdminPINController.swift */; };
		6A14349A1D5F0AC800D19A7A /* LoginController.swift in Sources */ = {isa = PBXBuildFile; fileRef = 6A1434991D5F0AC800D19A7A /* LoginController.swift */; };
		6A475E7C1D61C053008E8D0A /* RecordDayController.swift in Sources */ = {isa = PBXBuildFile; fileRef = 6A475E7B1D61C053008E8D0A /* RecordDayController.swift */; };
		6A475E7E1D62B6FD008E8D0A /* RecordController.swift in Sources */ = {isa = PBXBuildFile; fileRef = 6A475E7D1D62B6FD008E8D0A /* RecordController.swift */; };
		6A475E831D633306008E8D0A /* SubuserController.swift in Sources */ = {isa = PBXBuildFile; fileRef = 6A475E821D633306008E8D0A /* SubuserController.swift */; };
		6A61FF451D33E40F00996C65 /* UpdateExpensesViewController.swift in Sources */ = {isa = PBXBuildFile; fileRef = 6A61FF441D33E40F00996C65 /* UpdateExpensesViewController.swift */; };
		6A61FF471D394FB600996C65 /* AdminPINViewController.swift in Sources */ = {isa = PBXBuildFile; fileRef = 6A61FF461D394FB600996C65 /* AdminPINViewController.swift */; };
		6A6834A91D05C95E00E9A0AD /* AppDelegate.swift in Sources */ = {isa = PBXBuildFile; fileRef = 6A6834A81D05C95E00E9A0AD /* AppDelegate.swift */; };
		6A6834AB1D05C95E00E9A0AD /* ViewController.swift in Sources */ = {isa = PBXBuildFile; fileRef = 6A6834AA1D05C95E00E9A0AD /* ViewController.swift */; };
		6A6834AE1D05C95E00E9A0AD /* Main.storyboard in Resources */ = {isa = PBXBuildFile; fileRef = 6A6834AC1D05C95E00E9A0AD /* Main.storyboard */; };
		6A6834B01D05C95E00E9A0AD /* Assets.xcassets in Resources */ = {isa = PBXBuildFile; fileRef = 6A6834AF1D05C95E00E9A0AD /* Assets.xcassets */; };
		6A6834B31D05C95E00E9A0AD /* LaunchScreen.storyboard in Resources */ = {isa = PBXBuildFile; fileRef = 6A6834B11D05C95E00E9A0AD /* LaunchScreen.storyboard */; };
		6A6834BE1D05C95F00E9A0AD /* SmartHawkerTests.swift in Sources */ = {isa = PBXBuildFile; fileRef = 6A6834BD1D05C95F00E9A0AD /* SmartHawkerTests.swift */; };
		6A6834C91D05C95F00E9A0AD /* SmartHawkerUITests.swift in Sources */ = {isa = PBXBuildFile; fileRef = 6A6834C81D05C95F00E9A0AD /* SmartHawkerUITests.swift */; };
		6AB754181D10581F00DFB0B2 /* Bolts.framework in Frameworks */ = {isa = PBXBuildFile; fileRef = 6AB754161D10581F00DFB0B2 /* Bolts.framework */; };
		6AB754191D10581F00DFB0B2 /* Parse.framework in Frameworks */ = {isa = PBXBuildFile; fileRef = 6AB754171D10581F00DFB0B2 /* Parse.framework */; };
		6AB7541B1D10586E00DFB0B2 /* AudioToolbox.framework in Frameworks */ = {isa = PBXBuildFile; fileRef = 6AB7541A1D10586E00DFB0B2 /* AudioToolbox.framework */; };
		6AB754251D1058CD00DFB0B2 /* CFNetwork.framework in Frameworks */ = {isa = PBXBuildFile; fileRef = 6AB7541C1D1058CD00DFB0B2 /* CFNetwork.framework */; };
		6AB754261D1058CD00DFB0B2 /* CoreGraphics.framework in Frameworks */ = {isa = PBXBuildFile; fileRef = 6AB7541D1D1058CD00DFB0B2 /* CoreGraphics.framework */; };
		6AB754271D1058CD00DFB0B2 /* CoreLocation.framework in Frameworks */ = {isa = PBXBuildFile; fileRef = 6AB7541E1D1058CD00DFB0B2 /* CoreLocation.framework */; };
		6AB754281D1058CD00DFB0B2 /* libsqlite3.tbd in Frameworks */ = {isa = PBXBuildFile; fileRef = 6AB7541F1D1058CD00DFB0B2 /* libsqlite3.tbd */; };
		6AB754291D1058CD00DFB0B2 /* libz.tbd in Frameworks */ = {isa = PBXBuildFile; fileRef = 6AB754201D1058CD00DFB0B2 /* libz.tbd */; };
		6AB7542A1D1058CD00DFB0B2 /* QuartzCore.framework in Frameworks */ = {isa = PBXBuildFile; fileRef = 6AB754211D1058CD00DFB0B2 /* QuartzCore.framework */; };
		6AB7542B1D1058CD00DFB0B2 /* Security.framework in Frameworks */ = {isa = PBXBuildFile; fileRef = 6AB754221D1058CD00DFB0B2 /* Security.framework */; };
		6AB7542C1D1058CD00DFB0B2 /* StoreKit.framework in Frameworks */ = {isa = PBXBuildFile; fileRef = 6AB754231D1058CD00DFB0B2 /* StoreKit.framework */; };
		6AB7542D1D1058CD00DFB0B2 /* SystemConfiguration.framework in Frameworks */ = {isa = PBXBuildFile; fileRef = 6AB754241D1058CD00DFB0B2 /* SystemConfiguration.framework */; };
		6AB754361D110EC800DFB0B2 /* Bridging.m in Sources */ = {isa = PBXBuildFile; fileRef = 6AB754351D110EC800DFB0B2 /* Bridging.m */; };
		6ABEA1221D2D00B100945E0C /* RecordTable.swift in Sources */ = {isa = PBXBuildFile; fileRef = 6ABEA1211D2D00B100945E0C /* RecordTable.swift */; };
		6ABEA12C1D3173E100945E0C /* RecordTableViewCell.swift in Sources */ = {isa = PBXBuildFile; fileRef = 6ABEA12B1D3173E100945E0C /* RecordTableViewCell.swift */; };
		6AC9A62C1D544D1200DF3DF3 /* UpdateSalesViewController.swift in Sources */ = {isa = PBXBuildFile; fileRef = 6AC9A62B1D544D1200DF3DF3 /* UpdateSalesViewController.swift */; };
		6AC9A62E1D5452D400DF3DF3 /* UpdateRecordViewController.swift in Sources */ = {isa = PBXBuildFile; fileRef = 6AC9A62D1D5452D400DF3DF3 /* UpdateRecordViewController.swift */; };
		6AC9A6311D54757100DF3DF3 /* AddRecordViewController.swift in Sources */ = {isa = PBXBuildFile; fileRef = 6AC9A6301D54757100DF3DF3 /* AddRecordViewController.swift */; };
		6AF9C5111D1693EE000533E0 /* User.swift in Sources */ = {isa = PBXBuildFile; fileRef = 6AF9C5101D1693EE000533E0 /* User.swift */; };
		6AF9C5121D1693EE000533E0 /* User.swift in Sources */ = {isa = PBXBuildFile; fileRef = 6AF9C5101D1693EE000533E0 /* User.swift */; };
		6AF9C5141D16BC68000533E0 /* RegistrationViewController.swift in Sources */ = {isa = PBXBuildFile; fileRef = 6AF9C5131D16BC68000533E0 /* RegistrationViewController.swift */; };
		6AF9C5151D16BC68000533E0 /* RegistrationViewController.swift in Sources */ = {isa = PBXBuildFile; fileRef = 6AF9C5131D16BC68000533E0 /* RegistrationViewController.swift */; };
		6AF9C5171D1840A7000533E0 /* LoginViewController.swift in Sources */ = {isa = PBXBuildFile; fileRef = 6AF9C5161D1840A7000533E0 /* LoginViewController.swift */; };
		6AF9C5181D1840A7000533E0 /* LoginViewController.swift in Sources */ = {isa = PBXBuildFile; fileRef = 6AF9C5161D1840A7000533E0 /* LoginViewController.swift */; };
		6AF9C51A1D1D80EB000533E0 /* AnalyticsViewController.swift in Sources */ = {isa = PBXBuildFile; fileRef = 6AF9C5191D1D80EB000533E0 /* AnalyticsViewController.swift */; };
		6AF9C51B1D1D80EB000533E0 /* AnalyticsViewController.swift in Sources */ = {isa = PBXBuildFile; fileRef = 6AF9C5191D1D80EB000533E0 /* AnalyticsViewController.swift */; };
		AF194A3E1D61A8B4005F3B29 /* SummaryControllerNew.swift in Sources */ = {isa = PBXBuildFile; fileRef = AF194A3D1D61A8B4005F3B29 /* SummaryControllerNew.swift */; };
		AF194A401D61A8C3005F3B29 /* SummaryViewController.swift in Sources */ = {isa = PBXBuildFile; fileRef = AF194A3F1D61A8C3005F3B29 /* SummaryViewController.swift */; };
		AF577D001D28D7F800816782 /* EditViewController.swift in Sources */ = {isa = PBXBuildFile; fileRef = AF577CFF1D28D7F800816782 /* EditViewController.swift */; };
		AF7FA0A41D444BAD008927E2 /* TabBarController.swift in Sources */ = {isa = PBXBuildFile; fileRef = AF7FA0A31D444BAD008927E2 /* TabBarController.swift */; };
		AF8F726D1D61B162009A149E /* ContactUsPageView.swift in Sources */ = {isa = PBXBuildFile; fileRef = AF8F726C1D61B162009A149E /* ContactUsPageView.swift */; };
		AF8F726F1D61B16B009A149E /* FAQPageView.swift in Sources */ = {isa = PBXBuildFile; fileRef = AF8F726E1D61B16B009A149E /* FAQPageView.swift */; };
		AF8F72721D61B760009A149E /* MainViewControllerNew.swift in Sources */ = {isa = PBXBuildFile; fileRef = AF8F72711D61B760009A149E /* MainViewControllerNew.swift */; };
		AF8F72771D61D6ED009A149E /* WeatherGetter.swift in Sources */ = {isa = PBXBuildFile; fileRef = AF8F72761D61D6ED009A149E /* WeatherGetter.swift */; };
		AF8F72791D61DEE3009A149E /* MainController.swift in Sources */ = {isa = PBXBuildFile; fileRef = AF8F72781D61DEE3009A149E /* MainController.swift */; };
		AF99B0501D59D4B300685285 /* Analytics.storyboard in Resources */ = {isa = PBXBuildFile; fileRef = AF99B04F1D59D4B300685285 /* Analytics.storyboard */; };
		AF9AF5241D51CC310057935F /* ContainerViewController.swift in Sources */ = {isa = PBXBuildFile; fileRef = AF9AF5231D51CC310057935F /* ContainerViewController.swift */; };
		AF9AF5261D51CDFB0057935F /* ProfileViewController.swift in Sources */ = {isa = PBXBuildFile; fileRef = AF9AF5251D51CDFB0057935F /* ProfileViewController.swift */; };
		AF9AF52A1D52602B0057935F /* SettingsViewController.swift in Sources */ = {isa = PBXBuildFile; fileRef = AF9AF5291D52602B0057935F /* SettingsViewController.swift */; };
		AFA0447A1D47338C00E9236F /* SummaryController.swift in Sources */ = {isa = PBXBuildFile; fileRef = AFA044791D47338C00E9236F /* SummaryController.swift */; };
		AFB167961D4B2F1B005315FC /* MainViewController.swift in Sources */ = {isa = PBXBuildFile; fileRef = AFB167951D4B2F1B005315FC /* MainViewController.swift */; };
		AFBA17CB1D59D04700B65EB9 /* Profile.storyboard in Resources */ = {isa = PBXBuildFile; fileRef = AFBA17C91D59D04700B65EB9 /* Profile.storyboard */; };
		AFBA17CD1D59D07F00B65EB9 /* Report.storyboard in Resources */ = {isa = PBXBuildFile; fileRef = AFBA17CC1D59D07F00B65EB9 /* Report.storyboard */; };
		AFBA17D01D59D0A900B65EB9 /* UpdateRecord.storyboard in Resources */ = {isa = PBXBuildFile; fileRef = AFBA17CE1D59D0A900B65EB9 /* UpdateRecord.storyboard */; };
		AFBA17D31D59D2AC00B65EB9 /* connectionDAO.swift in Sources */ = {isa = PBXBuildFile; fileRef = AFBA17D21D59D2AC00B65EB9 /* connectionDAO.swift */; };
		AFC9FB6D1D329DBD00F7EE54 /* Localizable.strings in Resources */ = {isa = PBXBuildFile; fileRef = AFC9FB6F1D329DBD00F7EE54 /* Localizable.strings */; };
		AFD07A151D6416A200AC55D6 /* ProfileController.swift in Sources */ = {isa = PBXBuildFile; fileRef = AFD07A141D6416A200AC55D6 /* ProfileController.swift */; };
		DC7F67FE1D1E5EC700F2C2B1 /* CalendarViewController.swift in Sources */ = {isa = PBXBuildFile; fileRef = DC7F67FD1D1E5EC700F2C2B1 /* CalendarViewController.swift */; };
		DC7F68001D1E604F00F2C2B1 /* ReportsViewController.swift in Sources */ = {isa = PBXBuildFile; fileRef = DC7F67FF1D1E604F00F2C2B1 /* ReportsViewController.swift */; };
		DC7F68041D1E61D400F2C2B1 /* EnquiryViewController.swift in Sources */ = {isa = PBXBuildFile; fileRef = DC7F68031D1E61D400F2C2B1 /* EnquiryViewController.swift */; };
		DC93F66C1D3B5B0400AD55B2 /* NoveoSans-Black.otf in Resources */ = {isa = PBXBuildFile; fileRef = DC93F6661D3B5B0400AD55B2 /* NoveoSans-Black.otf */; };
		DC93F66D1D3B5B0400AD55B2 /* NoveoSans-BlackCond.otf in Resources */ = {isa = PBXBuildFile; fileRef = DC93F6671D3B5B0400AD55B2 /* NoveoSans-BlackCond.otf */; };
		DC93F66E1D3B5B0400AD55B2 /* NoveoSans-BlackXtraCond.otf in Resources */ = {isa = PBXBuildFile; fileRef = DC93F6681D3B5B0400AD55B2 /* NoveoSans-BlackXtraCond.otf */; };
		DC93F66F1D3B5B0400AD55B2 /* NoveoSans-Bold.otf in Resources */ = {isa = PBXBuildFile; fileRef = DC93F6691D3B5B0400AD55B2 /* NoveoSans-Bold.otf */; };
		DC93F6701D3B5B0400AD55B2 /* NoveoSans-Book.otf in Resources */ = {isa = PBXBuildFile; fileRef = DC93F66A1D3B5B0400AD55B2 /* NoveoSans-Book.otf */; };
		DC93F6711D3B5B0400AD55B2 /* NoveoSans-Light.otf in Resources */ = {isa = PBXBuildFile; fileRef = DC93F66B1D3B5B0400AD55B2 /* NoveoSans-Light.otf */; };
		DD3C042BAEBFA31E31E487A6 /* Pods_SmartHawker.framework in Frameworks */ = {isa = PBXBuildFile; fileRef = B9581DDA8A58556E6C23E869 /* Pods_SmartHawker.framework */; };
/* End PBXBuildFile section */

/* Begin PBXContainerItemProxy section */
		6A6834BA1D05C95F00E9A0AD /* PBXContainerItemProxy */ = {
			isa = PBXContainerItemProxy;
			containerPortal = 6A68349D1D05C95E00E9A0AD /* Project object */;
			proxyType = 1;
			remoteGlobalIDString = 6A6834A41D05C95E00E9A0AD;
			remoteInfo = SmartHawker;
		};
		6A6834C51D05C95F00E9A0AD /* PBXContainerItemProxy */ = {
			isa = PBXContainerItemProxy;
			containerPortal = 6A68349D1D05C95E00E9A0AD /* Project object */;
			proxyType = 1;
			remoteGlobalIDString = 6A6834A41D05C95E00E9A0AD;
			remoteInfo = SmartHawker;
		};
/* End PBXContainerItemProxy section */

/* Begin PBXFileReference section */
		1E8FD37A4CA2C808850DA85D /* Pods-SmartHawker.debug.xcconfig */ = {isa = PBXFileReference; includeInIndex = 1; lastKnownFileType = text.xcconfig; name = "Pods-SmartHawker.debug.xcconfig"; path = "Pods/Target Support Files/Pods-SmartHawker/Pods-SmartHawker.debug.xcconfig"; sourceTree = "<group>"; };
		2DB3C6D5CBAF192E16AA4616 /* Pods-SmartHawker.release.xcconfig */ = {isa = PBXFileReference; includeInIndex = 1; lastKnownFileType = text.xcconfig; name = "Pods-SmartHawker.release.xcconfig"; path = "Pods/Target Support Files/Pods-SmartHawker/Pods-SmartHawker.release.xcconfig"; sourceTree = "<group>"; };
		3997C0211FB0EAC5FC6AF68C /* Pods-SmartHawkerTests.debug.xcconfig */ = {isa = PBXFileReference; includeInIndex = 1; lastKnownFileType = text.xcconfig; name = "Pods-SmartHawkerTests.debug.xcconfig"; path = "Pods/Target Support Files/Pods-SmartHawkerTests/Pods-SmartHawkerTests.debug.xcconfig"; sourceTree = "<group>"; };
		6A016B771D4CECAC007C38E4 /* RecordDayViewController.swift */ = {isa = PBXFileReference; fileEncoding = 4; lastKnownFileType = sourcecode.swift; path = RecordDayViewController.swift; sourceTree = "<group>"; };
		6A016B811D4F798F007C38E4 /* AddNewSubUserViewController.swift */ = {isa = PBXFileReference; fileEncoding = 4; lastKnownFileType = sourcecode.swift; path = AddNewSubUserViewController.swift; sourceTree = "<group>"; };
		6A016B831D505BFA007C38E4 /* RecordExpensesViewController.swift */ = {isa = PBXFileReference; fileEncoding = 4; lastKnownFileType = sourcecode.swift; path = RecordExpensesViewController.swift; sourceTree = "<group>"; };
		6A016B851D53931F007C38E4 /* SubuserTableViewCell.swift */ = {isa = PBXFileReference; fileEncoding = 4; lastKnownFileType = sourcecode.swift; path = SubuserTableViewCell.swift; sourceTree = "<group>"; };
		6A016B871D53A8A7007C38E4 /* SubuserViewController.swift */ = {isa = PBXFileReference; fileEncoding = 4; lastKnownFileType = sourcecode.swift; path = SubuserViewController.swift; sourceTree = "<group>"; };
		6A096BFC1D21714C007BF9EB /* RecordSalesViewController.swift */ = {isa = PBXFileReference; fileEncoding = 4; lastKnownFileType = sourcecode.swift; path = RecordSalesViewController.swift; sourceTree = "<group>"; };
		6A096BFE1D22C79A007BF9EB /* ShareData.swift */ = {isa = PBXFileReference; fileEncoding = 4; lastKnownFileType = sourcecode.swift; path = ShareData.swift; sourceTree = "<group>"; };
		6A0E199C1D60376F00564FF3 /* RegistrationController.swift */ = {isa = PBXFileReference; fileEncoding = 4; lastKnownFileType = sourcecode.swift; path = RegistrationController.swift; sourceTree = "<group>"; };
		6A0E199E1D61854A00564FF3 /* AdminPINController.swift */ = {isa = PBXFileReference; fileEncoding = 4; lastKnownFileType = sourcecode.swift; path = AdminPINController.swift; sourceTree = "<group>"; };
		6A1434991D5F0AC800D19A7A /* LoginController.swift */ = {isa = PBXFileReference; fileEncoding = 4; lastKnownFileType = sourcecode.swift; path = LoginController.swift; sourceTree = "<group>"; };
		6A475E7B1D61C053008E8D0A /* RecordDayController.swift */ = {isa = PBXFileReference; fileEncoding = 4; lastKnownFileType = sourcecode.swift; path = RecordDayController.swift; sourceTree = "<group>"; };
		6A475E7D1D62B6FD008E8D0A /* RecordController.swift */ = {isa = PBXFileReference; fileEncoding = 4; lastKnownFileType = sourcecode.swift; path = RecordController.swift; sourceTree = "<group>"; };
		6A475E821D633306008E8D0A /* SubuserController.swift */ = {isa = PBXFileReference; fileEncoding = 4; lastKnownFileType = sourcecode.swift; path = SubuserController.swift; sourceTree = "<group>"; };
		6A61FF441D33E40F00996C65 /* UpdateExpensesViewController.swift */ = {isa = PBXFileReference; fileEncoding = 4; lastKnownFileType = sourcecode.swift; path = UpdateExpensesViewController.swift; sourceTree = "<group>"; };
		6A61FF461D394FB600996C65 /* AdminPINViewController.swift */ = {isa = PBXFileReference; fileEncoding = 4; lastKnownFileType = sourcecode.swift; path = AdminPINViewController.swift; sourceTree = "<group>"; };
		6A6834A51D05C95E00E9A0AD /* SmartHawker.app */ = {isa = PBXFileReference; explicitFileType = wrapper.application; includeInIndex = 0; path = SmartHawker.app; sourceTree = BUILT_PRODUCTS_DIR; };
		6A6834A81D05C95E00E9A0AD /* AppDelegate.swift */ = {isa = PBXFileReference; lastKnownFileType = sourcecode.swift; path = AppDelegate.swift; sourceTree = "<group>"; };
		6A6834AA1D05C95E00E9A0AD /* ViewController.swift */ = {isa = PBXFileReference; lastKnownFileType = sourcecode.swift; path = ViewController.swift; sourceTree = "<group>"; };
		6A6834AD1D05C95E00E9A0AD /* Base */ = {isa = PBXFileReference; lastKnownFileType = file.storyboard; name = Base; path = Base.lproj/Main.storyboard; sourceTree = "<group>"; };
		6A6834AF1D05C95E00E9A0AD /* Assets.xcassets */ = {isa = PBXFileReference; lastKnownFileType = folder.assetcatalog; name = Assets.xcassets; path = SmartHawker/Assets.xcassets; sourceTree = SOURCE_ROOT; };
		6A6834B21D05C95E00E9A0AD /* Base */ = {isa = PBXFileReference; lastKnownFileType = file.storyboard; name = Base; path = Base.lproj/LaunchScreen.storyboard; sourceTree = "<group>"; };
		6A6834B41D05C95F00E9A0AD /* Info.plist */ = {isa = PBXFileReference; lastKnownFileType = text.plist.xml; path = Info.plist; sourceTree = "<group>"; };
		6A6834B91D05C95F00E9A0AD /* SmartHawkerTests.xctest */ = {isa = PBXFileReference; explicitFileType = wrapper.cfbundle; includeInIndex = 0; path = SmartHawkerTests.xctest; sourceTree = BUILT_PRODUCTS_DIR; };
		6A6834BD1D05C95F00E9A0AD /* SmartHawkerTests.swift */ = {isa = PBXFileReference; lastKnownFileType = sourcecode.swift; path = SmartHawkerTests.swift; sourceTree = "<group>"; };
		6A6834BF1D05C95F00E9A0AD /* Info.plist */ = {isa = PBXFileReference; lastKnownFileType = text.plist.xml; path = Info.plist; sourceTree = "<group>"; };
		6A6834C41D05C95F00E9A0AD /* SmartHawkerUITests.xctest */ = {isa = PBXFileReference; explicitFileType = wrapper.cfbundle; includeInIndex = 0; path = SmartHawkerUITests.xctest; sourceTree = BUILT_PRODUCTS_DIR; };
		6A6834C81D05C95F00E9A0AD /* SmartHawkerUITests.swift */ = {isa = PBXFileReference; lastKnownFileType = sourcecode.swift; path = SmartHawkerUITests.swift; sourceTree = "<group>"; };
		6A6834CA1D05C95F00E9A0AD /* Info.plist */ = {isa = PBXFileReference; lastKnownFileType = text.plist.xml; path = Info.plist; sourceTree = "<group>"; };
		6AB754161D10581F00DFB0B2 /* Bolts.framework */ = {isa = PBXFileReference; lastKnownFileType = wrapper.framework; path = Bolts.framework; sourceTree = "<group>"; };
		6AB754171D10581F00DFB0B2 /* Parse.framework */ = {isa = PBXFileReference; lastKnownFileType = wrapper.framework; path = Parse.framework; sourceTree = "<group>"; };
		6AB7541A1D10586E00DFB0B2 /* AudioToolbox.framework */ = {isa = PBXFileReference; lastKnownFileType = wrapper.framework; name = AudioToolbox.framework; path = System/Library/Frameworks/AudioToolbox.framework; sourceTree = SDKROOT; };
		6AB7541C1D1058CD00DFB0B2 /* CFNetwork.framework */ = {isa = PBXFileReference; lastKnownFileType = wrapper.framework; name = CFNetwork.framework; path = System/Library/Frameworks/CFNetwork.framework; sourceTree = SDKROOT; };
		6AB7541D1D1058CD00DFB0B2 /* CoreGraphics.framework */ = {isa = PBXFileReference; lastKnownFileType = wrapper.framework; name = CoreGraphics.framework; path = System/Library/Frameworks/CoreGraphics.framework; sourceTree = SDKROOT; };
		6AB7541E1D1058CD00DFB0B2 /* CoreLocation.framework */ = {isa = PBXFileReference; lastKnownFileType = wrapper.framework; name = CoreLocation.framework; path = System/Library/Frameworks/CoreLocation.framework; sourceTree = SDKROOT; };
		6AB7541F1D1058CD00DFB0B2 /* libsqlite3.tbd */ = {isa = PBXFileReference; lastKnownFileType = "sourcecode.text-based-dylib-definition"; name = libsqlite3.tbd; path = usr/lib/libsqlite3.tbd; sourceTree = SDKROOT; };
		6AB754201D1058CD00DFB0B2 /* libz.tbd */ = {isa = PBXFileReference; lastKnownFileType = "sourcecode.text-based-dylib-definition"; name = libz.tbd; path = usr/lib/libz.tbd; sourceTree = SDKROOT; };
		6AB754211D1058CD00DFB0B2 /* QuartzCore.framework */ = {isa = PBXFileReference; lastKnownFileType = wrapper.framework; name = QuartzCore.framework; path = System/Library/Frameworks/QuartzCore.framework; sourceTree = SDKROOT; };
		6AB754221D1058CD00DFB0B2 /* Security.framework */ = {isa = PBXFileReference; lastKnownFileType = wrapper.framework; name = Security.framework; path = System/Library/Frameworks/Security.framework; sourceTree = SDKROOT; };
		6AB754231D1058CD00DFB0B2 /* StoreKit.framework */ = {isa = PBXFileReference; lastKnownFileType = wrapper.framework; name = StoreKit.framework; path = System/Library/Frameworks/StoreKit.framework; sourceTree = SDKROOT; };
		6AB754241D1058CD00DFB0B2 /* SystemConfiguration.framework */ = {isa = PBXFileReference; lastKnownFileType = wrapper.framework; name = SystemConfiguration.framework; path = System/Library/Frameworks/SystemConfiguration.framework; sourceTree = SDKROOT; };
		6AB7542F1D105B2E00DFB0B2 /* SmartHawker-Bridging-Header.h */ = {isa = PBXFileReference; lastKnownFileType = sourcecode.c.h; path = "SmartHawker-Bridging-Header.h"; sourceTree = "<group>"; };
		6AB754351D110EC800DFB0B2 /* Bridging.m */ = {isa = PBXFileReference; fileEncoding = 4; lastKnownFileType = sourcecode.c.objc; name = Bridging.m; path = ../Bridging.m; sourceTree = "<group>"; };
		6ABEA1211D2D00B100945E0C /* RecordTable.swift */ = {isa = PBXFileReference; fileEncoding = 4; lastKnownFileType = sourcecode.swift; path = RecordTable.swift; sourceTree = "<group>"; };
		6ABEA12B1D3173E100945E0C /* RecordTableViewCell.swift */ = {isa = PBXFileReference; fileEncoding = 4; lastKnownFileType = sourcecode.swift; path = RecordTableViewCell.swift; sourceTree = "<group>"; };
		6AC9A62B1D544D1200DF3DF3 /* UpdateSalesViewController.swift */ = {isa = PBXFileReference; fileEncoding = 4; lastKnownFileType = sourcecode.swift; path = UpdateSalesViewController.swift; sourceTree = "<group>"; };
		6AC9A62D1D5452D400DF3DF3 /* UpdateRecordViewController.swift */ = {isa = PBXFileReference; fileEncoding = 4; lastKnownFileType = sourcecode.swift; path = UpdateRecordViewController.swift; sourceTree = "<group>"; };
		6AC9A6301D54757100DF3DF3 /* AddRecordViewController.swift */ = {isa = PBXFileReference; fileEncoding = 4; lastKnownFileType = sourcecode.swift; path = AddRecordViewController.swift; sourceTree = "<group>"; };
		6AF9C5101D1693EE000533E0 /* User.swift */ = {isa = PBXFileReference; fileEncoding = 4; lastKnownFileType = sourcecode.swift; path = User.swift; sourceTree = "<group>"; };
		6AF9C5131D16BC68000533E0 /* RegistrationViewController.swift */ = {isa = PBXFileReference; fileEncoding = 4; lastKnownFileType = sourcecode.swift; path = RegistrationViewController.swift; sourceTree = "<group>"; };
		6AF9C5161D1840A7000533E0 /* LoginViewController.swift */ = {isa = PBXFileReference; fileEncoding = 4; lastKnownFileType = sourcecode.swift; path = LoginViewController.swift; sourceTree = "<group>"; };
		6AF9C5191D1D80EB000533E0 /* AnalyticsViewController.swift */ = {isa = PBXFileReference; fileEncoding = 4; lastKnownFileType = sourcecode.swift; path = AnalyticsViewController.swift; sourceTree = "<group>"; };
		74ECE5D979F1DE9D0C9E6132 /* Pods-SmartHawkerUITests.release.xcconfig */ = {isa = PBXFileReference; includeInIndex = 1; lastKnownFileType = text.xcconfig; name = "Pods-SmartHawkerUITests.release.xcconfig"; path = "Pods/Target Support Files/Pods-SmartHawkerUITests/Pods-SmartHawkerUITests.release.xcconfig"; sourceTree = "<group>"; };
		951B5187DD3010188E4852CC /* Pods-SmartHawkerUITests.debug.xcconfig */ = {isa = PBXFileReference; includeInIndex = 1; lastKnownFileType = text.xcconfig; name = "Pods-SmartHawkerUITests.debug.xcconfig"; path = "Pods/Target Support Files/Pods-SmartHawkerUITests/Pods-SmartHawkerUITests.debug.xcconfig"; sourceTree = "<group>"; };
		AF194A3D1D61A8B4005F3B29 /* SummaryControllerNew.swift */ = {isa = PBXFileReference; fileEncoding = 4; lastKnownFileType = sourcecode.swift; path = SummaryControllerNew.swift; sourceTree = "<group>"; };
		AF194A3F1D61A8C3005F3B29 /* SummaryViewController.swift */ = {isa = PBXFileReference; fileEncoding = 4; lastKnownFileType = sourcecode.swift; path = SummaryViewController.swift; sourceTree = "<group>"; };
		AF577CFF1D28D7F800816782 /* EditViewController.swift */ = {isa = PBXFileReference; fileEncoding = 4; lastKnownFileType = sourcecode.swift; path = EditViewController.swift; sourceTree = "<group>"; };
		AF7FA0A31D444BAD008927E2 /* TabBarController.swift */ = {isa = PBXFileReference; fileEncoding = 4; lastKnownFileType = sourcecode.swift; path = TabBarController.swift; sourceTree = "<group>"; };
		AF8F726C1D61B162009A149E /* ContactUsPageView.swift */ = {isa = PBXFileReference; fileEncoding = 4; lastKnownFileType = sourcecode.swift; path = ContactUsPageView.swift; sourceTree = "<group>"; };
		AF8F726E1D61B16B009A149E /* FAQPageView.swift */ = {isa = PBXFileReference; fileEncoding = 4; lastKnownFileType = sourcecode.swift; path = FAQPageView.swift; sourceTree = "<group>"; };
		AF8F72711D61B760009A149E /* MainViewControllerNew.swift */ = {isa = PBXFileReference; fileEncoding = 4; lastKnownFileType = sourcecode.swift; path = MainViewControllerNew.swift; sourceTree = "<group>"; };
		AF8F72761D61D6ED009A149E /* WeatherGetter.swift */ = {isa = PBXFileReference; fileEncoding = 4; lastKnownFileType = sourcecode.swift; path = WeatherGetter.swift; sourceTree = "<group>"; };
		AF8F72781D61DEE3009A149E /* MainController.swift */ = {isa = PBXFileReference; fileEncoding = 4; lastKnownFileType = sourcecode.swift; path = MainController.swift; sourceTree = "<group>"; };
		AF99B04F1D59D4B300685285 /* Analytics.storyboard */ = {isa = PBXFileReference; fileEncoding = 4; lastKnownFileType = file.storyboard; path = Analytics.storyboard; sourceTree = "<group>"; };
		AF9AF5231D51CC310057935F /* ContainerViewController.swift */ = {isa = PBXFileReference; fileEncoding = 4; lastKnownFileType = sourcecode.swift; path = ContainerViewController.swift; sourceTree = "<group>"; };
		AF9AF5251D51CDFB0057935F /* ProfileViewController.swift */ = {isa = PBXFileReference; fileEncoding = 4; lastKnownFileType = sourcecode.swift; path = ProfileViewController.swift; sourceTree = "<group>"; };
		AF9AF5291D52602B0057935F /* SettingsViewController.swift */ = {isa = PBXFileReference; fileEncoding = 4; lastKnownFileType = sourcecode.swift; path = SettingsViewController.swift; sourceTree = "<group>"; };
		AFA044791D47338C00E9236F /* SummaryController.swift */ = {isa = PBXFileReference; fileEncoding = 4; lastKnownFileType = sourcecode.swift; path = SummaryController.swift; sourceTree = "<group>"; };
		AFB167951D4B2F1B005315FC /* MainViewController.swift */ = {isa = PBXFileReference; fileEncoding = 4; lastKnownFileType = sourcecode.swift; path = MainViewController.swift; sourceTree = "<group>"; };
		AFBA17CA1D59D04700B65EB9 /* Base */ = {isa = PBXFileReference; lastKnownFileType = file.storyboard; name = Base; path = Base.lproj/Profile.storyboard; sourceTree = "<group>"; };
		AFBA17CC1D59D07F00B65EB9 /* Report.storyboard */ = {isa = PBXFileReference; fileEncoding = 4; lastKnownFileType = file.storyboard; path = Report.storyboard; sourceTree = "<group>"; };
		AFBA17CF1D59D0A900B65EB9 /* Base */ = {isa = PBXFileReference; lastKnownFileType = file.storyboard; name = Base; path = Base.lproj/UpdateRecord.storyboard; sourceTree = "<group>"; };
		AFBA17D21D59D2AC00B65EB9 /* connectionDAO.swift */ = {isa = PBXFileReference; fileEncoding = 4; lastKnownFileType = sourcecode.swift; path = connectionDAO.swift; sourceTree = "<group>"; };
		AFC9FB6A1D329D5200F7EE54 /* zh-Hans */ = {isa = PBXFileReference; lastKnownFileType = text.plist.strings; name = "zh-Hans"; path = "zh-Hans.lproj/Main.strings"; sourceTree = "<group>"; };
		AFC9FB6E1D329DBD00F7EE54 /* Base */ = {isa = PBXFileReference; lastKnownFileType = text.plist.strings; name = Base; path = Base.lproj/Localizable.strings; sourceTree = "<group>"; };
		AFC9FB701D329DC000F7EE54 /* zh-Hans */ = {isa = PBXFileReference; lastKnownFileType = text.plist.strings; name = "zh-Hans"; path = "zh-Hans.lproj/Localizable.strings"; sourceTree = "<group>"; };
		AFD07A141D6416A200AC55D6 /* ProfileController.swift */ = {isa = PBXFileReference; fileEncoding = 4; lastKnownFileType = sourcecode.swift; path = ProfileController.swift; sourceTree = "<group>"; };
		B9581DDA8A58556E6C23E869 /* Pods_SmartHawker.framework */ = {isa = PBXFileReference; explicitFileType = wrapper.framework; includeInIndex = 0; path = Pods_SmartHawker.framework; sourceTree = BUILT_PRODUCTS_DIR; };
		BF1AADDE60801935A52B95D8 /* Pods_SmartHawkerTests.framework */ = {isa = PBXFileReference; explicitFileType = wrapper.framework; includeInIndex = 0; path = Pods_SmartHawkerTests.framework; sourceTree = BUILT_PRODUCTS_DIR; };
		DC7F67FD1D1E5EC700F2C2B1 /* CalendarViewController.swift */ = {isa = PBXFileReference; fileEncoding = 4; lastKnownFileType = sourcecode.swift; name = CalendarViewController.swift; path = ../CalendarViewController.swift; sourceTree = "<group>"; };
		DC7F67FF1D1E604F00F2C2B1 /* ReportsViewController.swift */ = {isa = PBXFileReference; fileEncoding = 4; lastKnownFileType = sourcecode.swift; path = ReportsViewController.swift; sourceTree = "<group>"; };
		DC7F68031D1E61D400F2C2B1 /* EnquiryViewController.swift */ = {isa = PBXFileReference; fileEncoding = 4; lastKnownFileType = sourcecode.swift; path = EnquiryViewController.swift; sourceTree = "<group>"; };
		DC93F6661D3B5B0400AD55B2 /* NoveoSans-Black.otf */ = {isa = PBXFileReference; lastKnownFileType = file; path = "NoveoSans-Black.otf"; sourceTree = "<group>"; };
		DC93F6671D3B5B0400AD55B2 /* NoveoSans-BlackCond.otf */ = {isa = PBXFileReference; lastKnownFileType = file; path = "NoveoSans-BlackCond.otf"; sourceTree = "<group>"; };
		DC93F6681D3B5B0400AD55B2 /* NoveoSans-BlackXtraCond.otf */ = {isa = PBXFileReference; lastKnownFileType = file; path = "NoveoSans-BlackXtraCond.otf"; sourceTree = "<group>"; };
		DC93F6691D3B5B0400AD55B2 /* NoveoSans-Bold.otf */ = {isa = PBXFileReference; lastKnownFileType = file; path = "NoveoSans-Bold.otf"; sourceTree = "<group>"; };
		DC93F66A1D3B5B0400AD55B2 /* NoveoSans-Book.otf */ = {isa = PBXFileReference; lastKnownFileType = file; path = "NoveoSans-Book.otf"; sourceTree = "<group>"; };
		DC93F66B1D3B5B0400AD55B2 /* NoveoSans-Light.otf */ = {isa = PBXFileReference; lastKnownFileType = file; path = "NoveoSans-Light.otf"; sourceTree = "<group>"; };
		E7DF00A4D3F784C23C9FACB3 /* Pods-SmartHawkerTests.release.xcconfig */ = {isa = PBXFileReference; includeInIndex = 1; lastKnownFileType = text.xcconfig; name = "Pods-SmartHawkerTests.release.xcconfig"; path = "Pods/Target Support Files/Pods-SmartHawkerTests/Pods-SmartHawkerTests.release.xcconfig"; sourceTree = "<group>"; };
		E7E97FD6DE71ED66BFDD3AFD /* Pods_SmartHawkerUITests.framework */ = {isa = PBXFileReference; explicitFileType = wrapper.framework; includeInIndex = 0; path = Pods_SmartHawkerUITests.framework; sourceTree = BUILT_PRODUCTS_DIR; };
/* End PBXFileReference section */

/* Begin PBXFrameworksBuildPhase section */
		6A6834A21D05C95E00E9A0AD /* Frameworks */ = {
			isa = PBXFrameworksBuildPhase;
			buildActionMask = 2147483647;
			files = (
				6AB754251D1058CD00DFB0B2 /* CFNetwork.framework in Frameworks */,
				6AB754261D1058CD00DFB0B2 /* CoreGraphics.framework in Frameworks */,
				6AB754271D1058CD00DFB0B2 /* CoreLocation.framework in Frameworks */,
				6AB754281D1058CD00DFB0B2 /* libsqlite3.tbd in Frameworks */,
				6AB754291D1058CD00DFB0B2 /* libz.tbd in Frameworks */,
				6AB7542A1D1058CD00DFB0B2 /* QuartzCore.framework in Frameworks */,
				6AB7542B1D1058CD00DFB0B2 /* Security.framework in Frameworks */,
				6AB7542C1D1058CD00DFB0B2 /* StoreKit.framework in Frameworks */,
				6AB7542D1D1058CD00DFB0B2 /* SystemConfiguration.framework in Frameworks */,
				6AB7541B1D10586E00DFB0B2 /* AudioToolbox.framework in Frameworks */,
				6AB754191D10581F00DFB0B2 /* Parse.framework in Frameworks */,
				6AB754181D10581F00DFB0B2 /* Bolts.framework in Frameworks */,
				DD3C042BAEBFA31E31E487A6 /* Pods_SmartHawker.framework in Frameworks */,
			);
			runOnlyForDeploymentPostprocessing = 0;
		};
		6A6834B61D05C95F00E9A0AD /* Frameworks */ = {
			isa = PBXFrameworksBuildPhase;
			buildActionMask = 2147483647;
			files = (
				1A8838B5DB09FC2111DE92C2 /* Pods_SmartHawkerTests.framework in Frameworks */,
			);
			runOnlyForDeploymentPostprocessing = 0;
		};
		6A6834C11D05C95F00E9A0AD /* Frameworks */ = {
			isa = PBXFrameworksBuildPhase;
			buildActionMask = 2147483647;
			files = (
				54C16EE156C848FD2B0CA28F /* Pods_SmartHawkerUITests.framework in Frameworks */,
			);
			runOnlyForDeploymentPostprocessing = 0;
		};
/* End PBXFrameworksBuildPhase section */

/* Begin PBXGroup section */
		6A475E811D6332BB008E8D0A /* Table View Cells */ = {
			isa = PBXGroup;
			children = (
				6ABEA12B1D3173E100945E0C /* RecordTableViewCell.swift */,
				6A016B851D53931F007C38E4 /* SubuserTableViewCell.swift */,
			);
			name = "Table View Cells";
			sourceTree = "<group>";
		};
		6A68349C1D05C95E00E9A0AD = {
			isa = PBXGroup;
			children = (
				6AB7542E1D10591100DFB0B2 /* Frameworks */,
				6A6834A71D05C95E00E9A0AD /* SmartHawker */,
				6A6834BC1D05C95F00E9A0AD /* SmartHawkerTests */,
				6A6834C71D05C95F00E9A0AD /* SmartHawkerUITests */,
				6A6834A61D05C95E00E9A0AD /* Products */,
				A6FDA9C09DE1D95F33242D92 /* Pods */,
			);
			sourceTree = "<group>";
		};
		6A6834A61D05C95E00E9A0AD /* Products */ = {
			isa = PBXGroup;
			children = (
				6A6834A51D05C95E00E9A0AD /* SmartHawker.app */,
				6A6834B91D05C95F00E9A0AD /* SmartHawkerTests.xctest */,
				6A6834C41D05C95F00E9A0AD /* SmartHawkerUITests.xctest */,
			);
			name = Products;
			sourceTree = "<group>";
		};
		6A6834A71D05C95E00E9A0AD /* SmartHawker */ = {
			isa = PBXGroup;
			children = (
				AFBA17D11D59D29A00B65EB9 /* DAO */,
				AFC9FB6F1D329DBD00F7EE54 /* Localizable.strings */,
				DC93F6661D3B5B0400AD55B2 /* NoveoSans-Black.otf */,
				DC93F6671D3B5B0400AD55B2 /* NoveoSans-BlackCond.otf */,
				DC93F6681D3B5B0400AD55B2 /* NoveoSans-BlackXtraCond.otf */,
				DC93F6691D3B5B0400AD55B2 /* NoveoSans-Bold.otf */,
				DC93F66A1D3B5B0400AD55B2 /* NoveoSans-Book.otf */,
				DC93F66B1D3B5B0400AD55B2 /* NoveoSans-Light.otf */,
				AF8F72701D61B179009A149E /* Storyboard */,
				6A6834A81D05C95E00E9A0AD /* AppDelegate.swift */,
				6ABEA1211D2D00B100945E0C /* RecordTable.swift */,
				6A6834AA1D05C95E00E9A0AD /* ViewController.swift */,
				AF3C0EB01D618231008E5FAB /* View */,
				AF3C0EAF1D6181BD008E5FAB /* Controllers */,
				6A8999511D548E6E003866BC /* Subuser View Controllers */,
				6AC9A6321D54758300DF3DF3 /* Collection View Controllers (Needs update) */,
				DC7F67FF1D1E604F00F2C2B1 /* ReportsViewController.swift */,
				6A475E811D6332BB008E8D0A /* Table View Cells */,
				6A096BFE1D22C79A007BF9EB /* ShareData.swift */,
				AFD07A141D6416A200AC55D6 /* ProfileController.swift */,
				AF577CFF1D28D7F800816782 /* EditViewController.swift */,
				AF9AF5251D51CDFB0057935F /* ProfileViewController.swift */,
				6AF9C5191D1D80EB000533E0 /* AnalyticsViewController.swift */,
				DC7F67FD1D1E5EC700F2C2B1 /* CalendarViewController.swift */,
				DC7F68031D1E61D400F2C2B1 /* EnquiryViewController.swift */,
				6AF9C5101D1693EE000533E0 /* User.swift */,
				6A6834AF1D05C95E00E9A0AD /* Assets.xcassets */,
				6A6834B41D05C95F00E9A0AD /* Info.plist */,
				6AB754351D110EC800DFB0B2 /* Bridging.m */,
				6AB7542F1D105B2E00DFB0B2 /* SmartHawker-Bridging-Header.h */,
				AF7FA0A31D444BAD008927E2 /* TabBarController.swift */,
				AF8F72731D61D663009A149E /* Weather */,
				AFA044791D47338C00E9236F /* SummaryController.swift */,
				AFB167951D4B2F1B005315FC /* MainViewController.swift */,
				AF9AF5231D51CC310057935F /* ContainerViewController.swift */,
				AF9AF5291D52602B0057935F /* SettingsViewController.swift */,
			);
			path = SmartHawker;
			sourceTree = "<group>";
		};
		6A6834BC1D05C95F00E9A0AD /* SmartHawkerTests */ = {
			isa = PBXGroup;
			children = (
				6A6834BD1D05C95F00E9A0AD /* SmartHawkerTests.swift */,
				6A6834BF1D05C95F00E9A0AD /* Info.plist */,
			);
			path = SmartHawkerTests;
			sourceTree = "<group>";
		};
		6A6834C71D05C95F00E9A0AD /* SmartHawkerUITests */ = {
			isa = PBXGroup;
			children = (
				6A6834C81D05C95F00E9A0AD /* SmartHawkerUITests.swift */,
				6A6834CA1D05C95F00E9A0AD /* Info.plist */,
			);
			path = SmartHawkerUITests;
			sourceTree = "<group>";
		};
		6A8999511D548E6E003866BC /* Subuser View Controllers */ = {
			isa = PBXGroup;
			children = (
				6A016B811D4F798F007C38E4 /* AddNewSubUserViewController.swift */,
			);
			name = "Subuser View Controllers";
			sourceTree = "<group>";
		};
		6AB7542E1D10591100DFB0B2 /* Frameworks */ = {
			isa = PBXGroup;
			children = (
				6AB7541C1D1058CD00DFB0B2 /* CFNetwork.framework */,
				6AB7541D1D1058CD00DFB0B2 /* CoreGraphics.framework */,
				6AB7541E1D1058CD00DFB0B2 /* CoreLocation.framework */,
				6AB7541F1D1058CD00DFB0B2 /* libsqlite3.tbd */,
				6AB754201D1058CD00DFB0B2 /* libz.tbd */,
				6AB754211D1058CD00DFB0B2 /* QuartzCore.framework */,
				6AB754221D1058CD00DFB0B2 /* Security.framework */,
				6AB754231D1058CD00DFB0B2 /* StoreKit.framework */,
				6AB754241D1058CD00DFB0B2 /* SystemConfiguration.framework */,
				6AB7541A1D10586E00DFB0B2 /* AudioToolbox.framework */,
				6AB754161D10581F00DFB0B2 /* Bolts.framework */,
				6AB754171D10581F00DFB0B2 /* Parse.framework */,
				B9581DDA8A58556E6C23E869 /* Pods_SmartHawker.framework */,
				BF1AADDE60801935A52B95D8 /* Pods_SmartHawkerTests.framework */,
				E7E97FD6DE71ED66BFDD3AFD /* Pods_SmartHawkerUITests.framework */,
			);
			name = Frameworks;
			sourceTree = "<group>";
		};
		6AC9A6321D54758300DF3DF3 /* Collection View Controllers (Needs update) */ = {
			isa = PBXGroup;
			children = (
				6AC9A6301D54757100DF3DF3 /* AddRecordViewController.swift */,
				6AC9A62D1D5452D400DF3DF3 /* UpdateRecordViewController.swift */,
			);
			name = "Collection View Controllers (Needs update)";
			sourceTree = "<group>";
		};
		A6FDA9C09DE1D95F33242D92 /* Pods */ = {
			isa = PBXGroup;
			children = (
				1E8FD37A4CA2C808850DA85D /* Pods-SmartHawker.debug.xcconfig */,
				2DB3C6D5CBAF192E16AA4616 /* Pods-SmartHawker.release.xcconfig */,
				3997C0211FB0EAC5FC6AF68C /* Pods-SmartHawkerTests.debug.xcconfig */,
				E7DF00A4D3F784C23C9FACB3 /* Pods-SmartHawkerTests.release.xcconfig */,
				951B5187DD3010188E4852CC /* Pods-SmartHawkerUITests.debug.xcconfig */,
				74ECE5D979F1DE9D0C9E6132 /* Pods-SmartHawkerUITests.release.xcconfig */,
			);
			name = Pods;
			sourceTree = "<group>";
		};
		AF3C0EAF1D6181BD008E5FAB /* Controllers */ = {
			isa = PBXGroup;
			children = (
				AF8F72781D61DEE3009A149E /* MainController.swift */,
				6A0E199E1D61854A00564FF3 /* AdminPINController.swift */,
				6A1434991D5F0AC800D19A7A /* LoginController.swift */,
				6A475E7B1D61C053008E8D0A /* RecordDayController.swift */,
				6A475E7D1D62B6FD008E8D0A /* RecordController.swift */,
				6A0E199C1D60376F00564FF3 /* RegistrationController.swift */,
				6A475E821D633306008E8D0A /* SubuserController.swift */,
				AF194A3D1D61A8B4005F3B29 /* SummaryControllerNew.swift */,
			);
			name = Controllers;
			sourceTree = "<group>";
		};
		AF3C0EB01D618231008E5FAB /* View */ = {
			isa = PBXGroup;
			children = (
				AF8F72711D61B760009A149E /* MainViewControllerNew.swift */,
				6A61FF461D394FB600996C65 /* AdminPINViewController.swift */,
				AF8F726C1D61B162009A149E /* ContactUsPageView.swift */,
				AF8F726E1D61B16B009A149E /* FAQPageView.swift */,
				6AF9C5161D1840A7000533E0 /* LoginViewController.swift */,
				6A016B771D4CECAC007C38E4 /* RecordDayViewController.swift */,
				6A016B831D505BFA007C38E4 /* RecordExpensesViewController.swift */,
				6A096BFC1D21714C007BF9EB /* RecordSalesViewController.swift */,
				6AF9C5131D16BC68000533E0 /* RegistrationViewController.swift */,
				6A016B871D53A8A7007C38E4 /* SubuserViewController.swift */,
				AF194A3F1D61A8C3005F3B29 /* SummaryViewController.swift */,
				6A61FF441D33E40F00996C65 /* UpdateExpensesViewController.swift */,
				6AC9A62B1D544D1200DF3DF3 /* UpdateSalesViewController.swift */,
			);
			name = View;
			sourceTree = "<group>";
		};
		AF8F72701D61B179009A149E /* Storyboard */ = {
			isa = PBXGroup;
			children = (
				6A6834B11D05C95E00E9A0AD /* LaunchScreen.storyboard */,
				6A6834AC1D05C95E00E9A0AD /* Main.storyboard */,
				AF99B04F1D59D4B300685285 /* Analytics.storyboard */,
				AFBA17CE1D59D0A900B65EB9 /* UpdateRecord.storyboard */,
				AFBA17CC1D59D07F00B65EB9 /* Report.storyboard */,
				AFBA17C91D59D04700B65EB9 /* Profile.storyboard */,
			);
			name = Storyboard;
			sourceTree = "<group>";
		};
		AF8F72731D61D663009A149E /* Weather */ = {
			isa = PBXGroup;
			children = (
				AF8F72761D61D6ED009A149E /* WeatherGetter.swift */,
			);
			name = Weather;
			sourceTree = "<group>";
		};
		AFBA17D11D59D29A00B65EB9 /* DAO */ = {
			isa = PBXGroup;
			children = (
				AFBA17D21D59D2AC00B65EB9 /* connectionDAO.swift */,
			);
			name = DAO;
			sourceTree = "<group>";
		};
/* End PBXGroup section */

/* Begin PBXNativeTarget section */
		6A6834A41D05C95E00E9A0AD /* SmartHawker */ = {
			isa = PBXNativeTarget;
			buildConfigurationList = 6A6834CD1D05C95F00E9A0AD /* Build configuration list for PBXNativeTarget "SmartHawker" */;
			buildPhases = (
				13115CDA38EC04A127879880 /* [CP] Check Pods Manifest.lock */,
				6A6834A11D05C95E00E9A0AD /* Sources */,
				6A6834A21D05C95E00E9A0AD /* Frameworks */,
				6A6834A31D05C95E00E9A0AD /* Resources */,
				D30D49016FF907C800D3D9D3 /* [CP] Embed Pods Frameworks */,
				FEE803F3C0FAC84A88E18A0D /* [CP] Copy Pods Resources */,
			);
			buildRules = (
			);
			dependencies = (
			);
			name = SmartHawker;
			productName = SmartHawker;
			productReference = 6A6834A51D05C95E00E9A0AD /* SmartHawker.app */;
			productType = "com.apple.product-type.application";
		};
		6A6834B81D05C95F00E9A0AD /* SmartHawkerTests */ = {
			isa = PBXNativeTarget;
			buildConfigurationList = 6A6834D01D05C95F00E9A0AD /* Build configuration list for PBXNativeTarget "SmartHawkerTests" */;
			buildPhases = (
				D4EE3275EBBC3D77E20ADC7F /* [CP] Check Pods Manifest.lock */,
				6A6834B51D05C95F00E9A0AD /* Sources */,
				6A6834B61D05C95F00E9A0AD /* Frameworks */,
				6A6834B71D05C95F00E9A0AD /* Resources */,
				1B8D456C75F6F03FBF29D529 /* [CP] Embed Pods Frameworks */,
				DBE00E766A65E950B6868FAC /* [CP] Copy Pods Resources */,
			);
			buildRules = (
			);
			dependencies = (
				6A6834BB1D05C95F00E9A0AD /* PBXTargetDependency */,
			);
			name = SmartHawkerTests;
			productName = SmartHawkerTests;
			productReference = 6A6834B91D05C95F00E9A0AD /* SmartHawkerTests.xctest */;
			productType = "com.apple.product-type.bundle.unit-test";
		};
		6A6834C31D05C95F00E9A0AD /* SmartHawkerUITests */ = {
			isa = PBXNativeTarget;
			buildConfigurationList = 6A6834D31D05C95F00E9A0AD /* Build configuration list for PBXNativeTarget "SmartHawkerUITests" */;
			buildPhases = (
				809DAC27921297F2E7A9CD62 /* [CP] Check Pods Manifest.lock */,
				6A6834C01D05C95F00E9A0AD /* Sources */,
				6A6834C11D05C95F00E9A0AD /* Frameworks */,
				6A6834C21D05C95F00E9A0AD /* Resources */,
				7C0FFAA65ABCC2785FDB62D3 /* [CP] Copy Pods Resources */,
			);
			buildRules = (
			);
			dependencies = (
				6A6834C61D05C95F00E9A0AD /* PBXTargetDependency */,
			);
			name = SmartHawkerUITests;
			productName = SmartHawkerUITests;
			productReference = 6A6834C41D05C95F00E9A0AD /* SmartHawkerUITests.xctest */;
			productType = "com.apple.product-type.bundle.ui-testing";
		};
/* End PBXNativeTarget section */

/* Begin PBXProject section */
		6A68349D1D05C95E00E9A0AD /* Project object */ = {
			isa = PBXProject;
			attributes = {
				LastSwiftUpdateCheck = 0730;
				LastUpgradeCheck = 0730;
				ORGANIZATIONNAME = "Kay Zong Wei";
				TargetAttributes = {
					6A6834A41D05C95E00E9A0AD = {
						CreatedOnToolsVersion = 7.3.1;
						DevelopmentTeam = YQ2R4CCYLS;
					};
					6A6834B81D05C95F00E9A0AD = {
						CreatedOnToolsVersion = 7.3.1;
						TestTargetID = 6A6834A41D05C95E00E9A0AD;
					};
					6A6834C31D05C95F00E9A0AD = {
						CreatedOnToolsVersion = 7.3.1;
						TestTargetID = 6A6834A41D05C95E00E9A0AD;
					};
				};
			};
			buildConfigurationList = 6A6834A01D05C95E00E9A0AD /* Build configuration list for PBXProject "SmartHawker" */;
			compatibilityVersion = "Xcode 3.2";
			developmentRegion = English;
			hasScannedForEncodings = 0;
			knownRegions = (
				en,
				Base,
				"zh-Hans",
			);
			mainGroup = 6A68349C1D05C95E00E9A0AD;
			productRefGroup = 6A6834A61D05C95E00E9A0AD /* Products */;
			projectDirPath = "";
			projectRoot = "";
			targets = (
				6A6834A41D05C95E00E9A0AD /* SmartHawker */,
				6A6834B81D05C95F00E9A0AD /* SmartHawkerTests */,
				6A6834C31D05C95F00E9A0AD /* SmartHawkerUITests */,
			);
		};
/* End PBXProject section */

/* Begin PBXResourcesBuildPhase section */
		6A6834A31D05C95E00E9A0AD /* Resources */ = {
			isa = PBXResourcesBuildPhase;
			buildActionMask = 2147483647;
			files = (
				DC93F6701D3B5B0400AD55B2 /* NoveoSans-Book.otf in Resources */,
				AFBA17CB1D59D04700B65EB9 /* Profile.storyboard in Resources */,
				AFBA17D01D59D0A900B65EB9 /* UpdateRecord.storyboard in Resources */,
				DC93F66E1D3B5B0400AD55B2 /* NoveoSans-BlackXtraCond.otf in Resources */,
				DC93F66D1D3B5B0400AD55B2 /* NoveoSans-BlackCond.otf in Resources */,
				DC93F66C1D3B5B0400AD55B2 /* NoveoSans-Black.otf in Resources */,
				DC93F66F1D3B5B0400AD55B2 /* NoveoSans-Bold.otf in Resources */,
				6A6834B31D05C95E00E9A0AD /* LaunchScreen.storyboard in Resources */,
				AFC9FB6D1D329DBD00F7EE54 /* Localizable.strings in Resources */,
				AFBA17CD1D59D07F00B65EB9 /* Report.storyboard in Resources */,
				6A6834B01D05C95E00E9A0AD /* Assets.xcassets in Resources */,
				AF99B0501D59D4B300685285 /* Analytics.storyboard in Resources */,
				6A6834AE1D05C95E00E9A0AD /* Main.storyboard in Resources */,
				DC93F6711D3B5B0400AD55B2 /* NoveoSans-Light.otf in Resources */,
			);
			runOnlyForDeploymentPostprocessing = 0;
		};
		6A6834B71D05C95F00E9A0AD /* Resources */ = {
			isa = PBXResourcesBuildPhase;
			buildActionMask = 2147483647;
			files = (
			);
			runOnlyForDeploymentPostprocessing = 0;
		};
		6A6834C21D05C95F00E9A0AD /* Resources */ = {
			isa = PBXResourcesBuildPhase;
			buildActionMask = 2147483647;
			files = (
			);
			runOnlyForDeploymentPostprocessing = 0;
		};
/* End PBXResourcesBuildPhase section */

/* Begin PBXShellScriptBuildPhase section */
		13115CDA38EC04A127879880 /* [CP] Check Pods Manifest.lock */ = {
			isa = PBXShellScriptBuildPhase;
			buildActionMask = 2147483647;
			files = (
			);
			inputPaths = (
			);
			name = "[CP] Check Pods Manifest.lock";
			outputPaths = (
			);
			runOnlyForDeploymentPostprocessing = 0;
			shellPath = /bin/sh;
			shellScript = "diff \"${PODS_ROOT}/../Podfile.lock\" \"${PODS_ROOT}/Manifest.lock\" > /dev/null\nif [[ $? != 0 ]] ; then\n    cat << EOM\nerror: The sandbox is not in sync with the Podfile.lock. Run 'pod install' or update your CocoaPods installation.\nEOM\n    exit 1\nfi\n";
			showEnvVarsInLog = 0;
		};
		1B8D456C75F6F03FBF29D529 /* [CP] Embed Pods Frameworks */ = {
			isa = PBXShellScriptBuildPhase;
			buildActionMask = 2147483647;
			files = (
			);
			inputPaths = (
			);
			name = "[CP] Embed Pods Frameworks";
			outputPaths = (
			);
			runOnlyForDeploymentPostprocessing = 0;
			shellPath = /bin/sh;
			shellScript = "\"${SRCROOT}/Pods/Target Support Files/Pods-SmartHawkerTests/Pods-SmartHawkerTests-frameworks.sh\"\n";
			showEnvVarsInLog = 0;
		};
		7C0FFAA65ABCC2785FDB62D3 /* [CP] Copy Pods Resources */ = {
			isa = PBXShellScriptBuildPhase;
			buildActionMask = 2147483647;
			files = (
			);
			inputPaths = (
			);
			name = "[CP] Copy Pods Resources";
			outputPaths = (
			);
			runOnlyForDeploymentPostprocessing = 0;
			shellPath = /bin/sh;
			shellScript = "\"${SRCROOT}/Pods/Target Support Files/Pods-SmartHawkerUITests/Pods-SmartHawkerUITests-resources.sh\"\n";
			showEnvVarsInLog = 0;
		};
		809DAC27921297F2E7A9CD62 /* [CP] Check Pods Manifest.lock */ = {
			isa = PBXShellScriptBuildPhase;
			buildActionMask = 2147483647;
			files = (
			);
			inputPaths = (
			);
			name = "[CP] Check Pods Manifest.lock";
			outputPaths = (
			);
			runOnlyForDeploymentPostprocessing = 0;
			shellPath = /bin/sh;
			shellScript = "diff \"${PODS_ROOT}/../Podfile.lock\" \"${PODS_ROOT}/Manifest.lock\" > /dev/null\nif [[ $? != 0 ]] ; then\n    cat << EOM\nerror: The sandbox is not in sync with the Podfile.lock. Run 'pod install' or update your CocoaPods installation.\nEOM\n    exit 1\nfi\n";
			showEnvVarsInLog = 0;
		};
		D30D49016FF907C800D3D9D3 /* [CP] Embed Pods Frameworks */ = {
			isa = PBXShellScriptBuildPhase;
			buildActionMask = 2147483647;
			files = (
			);
			inputPaths = (
			);
			name = "[CP] Embed Pods Frameworks";
			outputPaths = (
			);
			runOnlyForDeploymentPostprocessing = 0;
			shellPath = /bin/sh;
			shellScript = "\"${SRCROOT}/Pods/Target Support Files/Pods-SmartHawker/Pods-SmartHawker-frameworks.sh\"\n";
			showEnvVarsInLog = 0;
		};
		D4EE3275EBBC3D77E20ADC7F /* [CP] Check Pods Manifest.lock */ = {
			isa = PBXShellScriptBuildPhase;
			buildActionMask = 2147483647;
			files = (
			);
			inputPaths = (
			);
			name = "[CP] Check Pods Manifest.lock";
			outputPaths = (
			);
			runOnlyForDeploymentPostprocessing = 0;
			shellPath = /bin/sh;
			shellScript = "diff \"${PODS_ROOT}/../Podfile.lock\" \"${PODS_ROOT}/Manifest.lock\" > /dev/null\nif [[ $? != 0 ]] ; then\n    cat << EOM\nerror: The sandbox is not in sync with the Podfile.lock. Run 'pod install' or update your CocoaPods installation.\nEOM\n    exit 1\nfi\n";
			showEnvVarsInLog = 0;
		};
		DBE00E766A65E950B6868FAC /* [CP] Copy Pods Resources */ = {
			isa = PBXShellScriptBuildPhase;
			buildActionMask = 2147483647;
			files = (
			);
			inputPaths = (
			);
			name = "[CP] Copy Pods Resources";
			outputPaths = (
			);
			runOnlyForDeploymentPostprocessing = 0;
			shellPath = /bin/sh;
			shellScript = "\"${SRCROOT}/Pods/Target Support Files/Pods-SmartHawkerTests/Pods-SmartHawkerTests-resources.sh\"\n";
			showEnvVarsInLog = 0;
		};
		FEE803F3C0FAC84A88E18A0D /* [CP] Copy Pods Resources */ = {
			isa = PBXShellScriptBuildPhase;
			buildActionMask = 2147483647;
			files = (
			);
			inputPaths = (
			);
			name = "[CP] Copy Pods Resources";
			outputPaths = (
			);
			runOnlyForDeploymentPostprocessing = 0;
			shellPath = /bin/sh;
			shellScript = "\"${SRCROOT}/Pods/Target Support Files/Pods-SmartHawker/Pods-SmartHawker-resources.sh\"\n";
			showEnvVarsInLog = 0;
		};
/* End PBXShellScriptBuildPhase section */

/* Begin PBXSourcesBuildPhase section */
		6A6834A11D05C95E00E9A0AD /* Sources */ = {
			isa = PBXSourcesBuildPhase;
			buildActionMask = 2147483647;
			files = (
				6AF9C5171D1840A7000533E0 /* LoginViewController.swift in Sources */,
				6AF9C5111D1693EE000533E0 /* User.swift in Sources */,
				6AC9A62E1D5452D400DF3DF3 /* UpdateRecordViewController.swift in Sources */,
				AF8F72721D61B760009A149E /* MainViewControllerNew.swift in Sources */,
				6A016B841D505BFA007C38E4 /* RecordExpensesViewController.swift in Sources */,
				AF8F72771D61D6ED009A149E /* WeatherGetter.swift in Sources */,
				6AF9C51A1D1D80EB000533E0 /* AnalyticsViewController.swift in Sources */,
				AF8F726D1D61B162009A149E /* ContactUsPageView.swift in Sources */,
				6ABEA12C1D3173E100945E0C /* RecordTableViewCell.swift in Sources */,
				AFD07A151D6416A200AC55D6 /* ProfileController.swift in Sources */,
				6A475E7C1D61C053008E8D0A /* RecordDayController.swift in Sources */,
				6A0E199D1D60376F00564FF3 /* RegistrationController.swift in Sources */,
				6A096BFD1D21714C007BF9EB /* RecordSalesViewController.swift in Sources */,
				6AC9A62C1D544D1200DF3DF3 /* UpdateSalesViewController.swift in Sources */,
				6AB754361D110EC800DFB0B2 /* Bridging.m in Sources */,
				6A61FF471D394FB600996C65 /* AdminPINViewController.swift in Sources */,
				6A475E7E1D62B6FD008E8D0A /* RecordController.swift in Sources */,
				AF7FA0A41D444BAD008927E2 /* TabBarController.swift in Sources */,
				AF9AF5261D51CDFB0057935F /* ProfileViewController.swift in Sources */,
				6A016B821D4F798F007C38E4 /* AddNewSubUserViewController.swift in Sources */,
				AFBA17D31D59D2AC00B65EB9 /* connectionDAO.swift in Sources */,
				DC7F68041D1E61D400F2C2B1 /* EnquiryViewController.swift in Sources */,
				6A475E831D633306008E8D0A /* SubuserController.swift in Sources */,
				AF8F726F1D61B16B009A149E /* FAQPageView.swift in Sources */,
				DC7F68001D1E604F00F2C2B1 /* ReportsViewController.swift in Sources */,
				6A6834AB1D05C95E00E9A0AD /* ViewController.swift in Sources */,
				AF194A401D61A8C3005F3B29 /* SummaryViewController.swift in Sources */,
				AFB167961D4B2F1B005315FC /* MainViewController.swift in Sources */,
				AF194A3E1D61A8B4005F3B29 /* SummaryControllerNew.swift in Sources */,
				6A016B861D53931F007C38E4 /* SubuserTableViewCell.swift in Sources */,
				6A0E199F1D61854A00564FF3 /* AdminPINController.swift in Sources */,
				AFA0447A1D47338C00E9236F /* SummaryController.swift in Sources */,
				6A61FF451D33E40F00996C65 /* UpdateExpensesViewController.swift in Sources */,
				DC7F67FE1D1E5EC700F2C2B1 /* CalendarViewController.swift in Sources */,
				6AC9A6311D54757100DF3DF3 /* AddRecordViewController.swift in Sources */,
				6A6834A91D05C95E00E9A0AD /* AppDelegate.swift in Sources */,
				AF9AF5241D51CC310057935F /* ContainerViewController.swift in Sources */,
				6AF9C5141D16BC68000533E0 /* RegistrationViewController.swift in Sources */,
				AF9AF52A1D52602B0057935F /* SettingsViewController.swift in Sources */,
				6A096BFF1D22C79A007BF9EB /* ShareData.swift in Sources */,
				6A14349A1D5F0AC800D19A7A /* LoginController.swift in Sources */,
				6ABEA1221D2D00B100945E0C /* RecordTable.swift in Sources */,
				AF8F72791D61DEE3009A149E /* MainController.swift in Sources */,
				6A016B781D4CECAC007C38E4 /* RecordDayViewController.swift in Sources */,
				6A016B881D53A8A7007C38E4 /* SubuserViewController.swift in Sources */,
				AF577D001D28D7F800816782 /* EditViewController.swift in Sources */,
			);
			runOnlyForDeploymentPostprocessing = 0;
		};
		6A6834B51D05C95F00E9A0AD /* Sources */ = {
			isa = PBXSourcesBuildPhase;
			buildActionMask = 2147483647;
			files = (
				6AF9C5181D1840A7000533E0 /* LoginViewController.swift in Sources */,
				6AF9C5151D16BC68000533E0 /* RegistrationViewController.swift in Sources */,
				6AF9C51B1D1D80EB000533E0 /* AnalyticsViewController.swift in Sources */,
				6AF9C5121D1693EE000533E0 /* User.swift in Sources */,
				6A6834BE1D05C95F00E9A0AD /* SmartHawkerTests.swift in Sources */,
			);
			runOnlyForDeploymentPostprocessing = 0;
		};
		6A6834C01D05C95F00E9A0AD /* Sources */ = {
			isa = PBXSourcesBuildPhase;
			buildActionMask = 2147483647;
			files = (
				6A6834C91D05C95F00E9A0AD /* SmartHawkerUITests.swift in Sources */,
			);
			runOnlyForDeploymentPostprocessing = 0;
		};
/* End PBXSourcesBuildPhase section */

/* Begin PBXTargetDependency section */
		6A6834BB1D05C95F00E9A0AD /* PBXTargetDependency */ = {
			isa = PBXTargetDependency;
			target = 6A6834A41D05C95E00E9A0AD /* SmartHawker */;
			targetProxy = 6A6834BA1D05C95F00E9A0AD /* PBXContainerItemProxy */;
		};
		6A6834C61D05C95F00E9A0AD /* PBXTargetDependency */ = {
			isa = PBXTargetDependency;
			target = 6A6834A41D05C95E00E9A0AD /* SmartHawker */;
			targetProxy = 6A6834C51D05C95F00E9A0AD /* PBXContainerItemProxy */;
		};
/* End PBXTargetDependency section */

/* Begin PBXVariantGroup section */
		6A6834AC1D05C95E00E9A0AD /* Main.storyboard */ = {
			isa = PBXVariantGroup;
			children = (
				6A6834AD1D05C95E00E9A0AD /* Base */,
				AFC9FB6A1D329D5200F7EE54 /* zh-Hans */,
			);
			name = Main.storyboard;
			sourceTree = "<group>";
		};
		6A6834B11D05C95E00E9A0AD /* LaunchScreen.storyboard */ = {
			isa = PBXVariantGroup;
			children = (
				6A6834B21D05C95E00E9A0AD /* Base */,
			);
			name = LaunchScreen.storyboard;
			sourceTree = "<group>";
		};
		AFBA17C91D59D04700B65EB9 /* Profile.storyboard */ = {
			isa = PBXVariantGroup;
			children = (
				AFBA17CA1D59D04700B65EB9 /* Base */,
			);
			name = Profile.storyboard;
			sourceTree = "<group>";
		};
		AFBA17CE1D59D0A900B65EB9 /* UpdateRecord.storyboard */ = {
			isa = PBXVariantGroup;
			children = (
				AFBA17CF1D59D0A900B65EB9 /* Base */,
			);
			name = UpdateRecord.storyboard;
			sourceTree = "<group>";
		};
		AFC9FB6F1D329DBD00F7EE54 /* Localizable.strings */ = {
			isa = PBXVariantGroup;
			children = (
				AFC9FB6E1D329DBD00F7EE54 /* Base */,
				AFC9FB701D329DC000F7EE54 /* zh-Hans */,
			);
			name = Localizable.strings;
			path = ..;
			sourceTree = "<group>";
		};
/* End PBXVariantGroup section */

/* Begin XCBuildConfiguration section */
		6A6834CB1D05C95F00E9A0AD /* Debug */ = {
			isa = XCBuildConfiguration;
			buildSettings = {
				ALWAYS_SEARCH_USER_PATHS = NO;
				CLANG_ANALYZER_NONNULL = YES;
				CLANG_CXX_LANGUAGE_STANDARD = "gnu++0x";
				CLANG_CXX_LIBRARY = "libc++";
				CLANG_ENABLE_MODULES = YES;
				CLANG_ENABLE_OBJC_ARC = YES;
				CLANG_WARN_BOOL_CONVERSION = YES;
				CLANG_WARN_CONSTANT_CONVERSION = YES;
				CLANG_WARN_DIRECT_OBJC_ISA_USAGE = YES_ERROR;
				CLANG_WARN_EMPTY_BODY = YES;
				CLANG_WARN_ENUM_CONVERSION = YES;
				CLANG_WARN_INT_CONVERSION = YES;
				CLANG_WARN_OBJC_ROOT_CLASS = YES_ERROR;
				CLANG_WARN_UNREACHABLE_CODE = YES;
				CLANG_WARN__DUPLICATE_METHOD_MATCH = YES;
				"CODE_SIGN_IDENTITY[sdk=iphoneos*]" = "iPhone Developer";
				COPY_PHASE_STRIP = NO;
				DEBUG_INFORMATION_FORMAT = dwarf;
				ENABLE_STRICT_OBJC_MSGSEND = YES;
				ENABLE_TESTABILITY = YES;
				GCC_C_LANGUAGE_STANDARD = gnu99;
				GCC_DYNAMIC_NO_PIC = NO;
				GCC_NO_COMMON_BLOCKS = YES;
				GCC_OPTIMIZATION_LEVEL = 0;
				GCC_PREPROCESSOR_DEFINITIONS = (
					"DEBUG=1",
					"$(inherited)",
				);
				GCC_WARN_64_TO_32_BIT_CONVERSION = YES;
				GCC_WARN_ABOUT_RETURN_TYPE = YES_ERROR;
				GCC_WARN_UNDECLARED_SELECTOR = YES;
				GCC_WARN_UNINITIALIZED_AUTOS = YES_AGGRESSIVE;
				GCC_WARN_UNUSED_FUNCTION = YES;
				GCC_WARN_UNUSED_VARIABLE = YES;
				IPHONEOS_DEPLOYMENT_TARGET = 9.3;
				MTL_ENABLE_DEBUG_INFO = YES;
				ONLY_ACTIVE_ARCH = YES;
				SDKROOT = iphoneos;
				SWIFT_OPTIMIZATION_LEVEL = "-Onone";
				TARGETED_DEVICE_FAMILY = "1,2";
			};
			name = Debug;
		};
		6A6834CC1D05C95F00E9A0AD /* Release */ = {
			isa = XCBuildConfiguration;
			buildSettings = {
				ALWAYS_SEARCH_USER_PATHS = NO;
				CLANG_ANALYZER_NONNULL = YES;
				CLANG_CXX_LANGUAGE_STANDARD = "gnu++0x";
				CLANG_CXX_LIBRARY = "libc++";
				CLANG_ENABLE_MODULES = YES;
				CLANG_ENABLE_OBJC_ARC = YES;
				CLANG_WARN_BOOL_CONVERSION = YES;
				CLANG_WARN_CONSTANT_CONVERSION = YES;
				CLANG_WARN_DIRECT_OBJC_ISA_USAGE = YES_ERROR;
				CLANG_WARN_EMPTY_BODY = YES;
				CLANG_WARN_ENUM_CONVERSION = YES;
				CLANG_WARN_INT_CONVERSION = YES;
				CLANG_WARN_OBJC_ROOT_CLASS = YES_ERROR;
				CLANG_WARN_UNREACHABLE_CODE = YES;
				CLANG_WARN__DUPLICATE_METHOD_MATCH = YES;
				"CODE_SIGN_IDENTITY[sdk=iphoneos*]" = "iPhone Developer";
				COPY_PHASE_STRIP = NO;
				DEBUG_INFORMATION_FORMAT = "dwarf-with-dsym";
				ENABLE_NS_ASSERTIONS = NO;
				ENABLE_STRICT_OBJC_MSGSEND = YES;
				GCC_C_LANGUAGE_STANDARD = gnu99;
				GCC_NO_COMMON_BLOCKS = YES;
				GCC_WARN_64_TO_32_BIT_CONVERSION = YES;
				GCC_WARN_ABOUT_RETURN_TYPE = YES_ERROR;
				GCC_WARN_UNDECLARED_SELECTOR = YES;
				GCC_WARN_UNINITIALIZED_AUTOS = YES_AGGRESSIVE;
				GCC_WARN_UNUSED_FUNCTION = YES;
				GCC_WARN_UNUSED_VARIABLE = YES;
				IPHONEOS_DEPLOYMENT_TARGET = 9.3;
				MTL_ENABLE_DEBUG_INFO = NO;
				SDKROOT = iphoneos;
				TARGETED_DEVICE_FAMILY = "1,2";
				VALIDATE_PRODUCT = YES;
			};
			name = Release;
		};
		6A6834CE1D05C95F00E9A0AD /* Debug */ = {
			isa = XCBuildConfiguration;
			baseConfigurationReference = 1E8FD37A4CA2C808850DA85D /* Pods-SmartHawker.debug.xcconfig */;
			buildSettings = {
				ASSETCATALOG_COMPILER_APPICON_NAME = AppIcon;
				CLANG_ENABLE_MODULES = YES;
				CODE_SIGN_IDENTITY = "iPhone Developer";
				"CODE_SIGN_IDENTITY[sdk=iphoneos*]" = "iPhone Developer";
				FRAMEWORK_SEARCH_PATHS = (
					"$(inherited)",
					"$(PROJECT_DIR)",
				);
				INFOPLIST_FILE = SmartHawker/Info.plist;
				LD_RUNPATH_SEARCH_PATHS = "$(inherited) @executable_path/Frameworks";
				PRODUCT_BUNDLE_IDENTIFIER = com.HungryMen.SmartHawker;
				PRODUCT_NAME = "$(TARGET_NAME)";
				PROVISIONING_PROFILE = "";
				SWIFT_OBJC_BRIDGING_HEADER = "SmartHawker/SmartHawker-Bridging-Header.h";
				SWIFT_OPTIMIZATION_LEVEL = "-Onone";
			};
			name = Debug;
		};
		6A6834CF1D05C95F00E9A0AD /* Release */ = {
			isa = XCBuildConfiguration;
			baseConfigurationReference = 2DB3C6D5CBAF192E16AA4616 /* Pods-SmartHawker.release.xcconfig */;
			buildSettings = {
				ASSETCATALOG_COMPILER_APPICON_NAME = AppIcon;
				CLANG_ENABLE_MODULES = YES;
				CODE_SIGN_IDENTITY = "iPhone Developer";
				"CODE_SIGN_IDENTITY[sdk=iphoneos*]" = "iPhone Developer";
				FRAMEWORK_SEARCH_PATHS = (
					"$(inherited)",
					"$(PROJECT_DIR)",
				);
				INFOPLIST_FILE = SmartHawker/Info.plist;
				LD_RUNPATH_SEARCH_PATHS = "$(inherited) @executable_path/Frameworks";
				PRODUCT_BUNDLE_IDENTIFIER = com.HungryMen.SmartHawker;
				PRODUCT_NAME = "$(TARGET_NAME)";
				PROVISIONING_PROFILE = "";
				SWIFT_OBJC_BRIDGING_HEADER = "SmartHawker/SmartHawker-Bridging-Header.h";
			};
			name = Release;
		};
		6A6834D11D05C95F00E9A0AD /* Debug */ = {
			isa = XCBuildConfiguration;
			baseConfigurationReference = 3997C0211FB0EAC5FC6AF68C /* Pods-SmartHawkerTests.debug.xcconfig */;
			buildSettings = {
				BUNDLE_LOADER = "$(TEST_HOST)";
				INFOPLIST_FILE = SmartHawkerTests/Info.plist;
				LD_RUNPATH_SEARCH_PATHS = "$(inherited) @executable_path/Frameworks @loader_path/Frameworks";
				PRODUCT_BUNDLE_IDENTIFIER = HungryMen.SmartHawkerTests;
				PRODUCT_NAME = "$(TARGET_NAME)";
				TEST_HOST = "$(BUILT_PRODUCTS_DIR)/SmartHawker.app/SmartHawker";
			};
			name = Debug;
		};
		6A6834D21D05C95F00E9A0AD /* Release */ = {
			isa = XCBuildConfiguration;
			baseConfigurationReference = E7DF00A4D3F784C23C9FACB3 /* Pods-SmartHawkerTests.release.xcconfig */;
			buildSettings = {
				BUNDLE_LOADER = "$(TEST_HOST)";
				INFOPLIST_FILE = SmartHawkerTests/Info.plist;
				LD_RUNPATH_SEARCH_PATHS = "$(inherited) @executable_path/Frameworks @loader_path/Frameworks";
				PRODUCT_BUNDLE_IDENTIFIER = HungryMen.SmartHawkerTests;
				PRODUCT_NAME = "$(TARGET_NAME)";
				TEST_HOST = "$(BUILT_PRODUCTS_DIR)/SmartHawker.app/SmartHawker";
			};
			name = Release;
		};
		6A6834D41D05C95F00E9A0AD /* Debug */ = {
			isa = XCBuildConfiguration;
			baseConfigurationReference = 951B5187DD3010188E4852CC /* Pods-SmartHawkerUITests.debug.xcconfig */;
			buildSettings = {
				INFOPLIST_FILE = SmartHawkerUITests/Info.plist;
				LD_RUNPATH_SEARCH_PATHS = "$(inherited) @executable_path/Frameworks @loader_path/Frameworks";
				PRODUCT_BUNDLE_IDENTIFIER = HungryMen.SmartHawkerUITests;
				PRODUCT_NAME = "$(TARGET_NAME)";
				TEST_TARGET_NAME = SmartHawker;
			};
			name = Debug;
		};
		6A6834D51D05C95F00E9A0AD /* Release */ = {
			isa = XCBuildConfiguration;
			baseConfigurationReference = 74ECE5D979F1DE9D0C9E6132 /* Pods-SmartHawkerUITests.release.xcconfig */;
			buildSettings = {
				INFOPLIST_FILE = SmartHawkerUITests/Info.plist;
				LD_RUNPATH_SEARCH_PATHS = "$(inherited) @executable_path/Frameworks @loader_path/Frameworks";
				PRODUCT_BUNDLE_IDENTIFIER = HungryMen.SmartHawkerUITests;
				PRODUCT_NAME = "$(TARGET_NAME)";
				TEST_TARGET_NAME = SmartHawker;
			};
			name = Release;
		};
/* End XCBuildConfiguration section */

/* Begin XCConfigurationList section */
		6A6834A01D05C95E00E9A0AD /* Build configuration list for PBXProject "SmartHawker" */ = {
			isa = XCConfigurationList;
			buildConfigurations = (
				6A6834CB1D05C95F00E9A0AD /* Debug */,
				6A6834CC1D05C95F00E9A0AD /* Release */,
			);
			defaultConfigurationIsVisible = 0;
			defaultConfigurationName = Release;
		};
		6A6834CD1D05C95F00E9A0AD /* Build configuration list for PBXNativeTarget "SmartHawker" */ = {
			isa = XCConfigurationList;
			buildConfigurations = (
				6A6834CE1D05C95F00E9A0AD /* Debug */,
				6A6834CF1D05C95F00E9A0AD /* Release */,
			);
			defaultConfigurationIsVisible = 0;
			defaultConfigurationName = Release;
		};
		6A6834D01D05C95F00E9A0AD /* Build configuration list for PBXNativeTarget "SmartHawkerTests" */ = {
			isa = XCConfigurationList;
			buildConfigurations = (
				6A6834D11D05C95F00E9A0AD /* Debug */,
				6A6834D21D05C95F00E9A0AD /* Release */,
			);
			defaultConfigurationIsVisible = 0;
			defaultConfigurationName = Release;
		};
		6A6834D31D05C95F00E9A0AD /* Build configuration list for PBXNativeTarget "SmartHawkerUITests" */ = {
			isa = XCConfigurationList;
			buildConfigurations = (
				6A6834D41D05C95F00E9A0AD /* Debug */,
				6A6834D51D05C95F00E9A0AD /* Release */,
			);
			defaultConfigurationIsVisible = 0;
			defaultConfigurationName = Release;
		};
/* End XCConfigurationList section */
	};
	rootObject = 6A68349D1D05C95E00E9A0AD /* Project object */;
}
