PODS:
  - CalendarView (1.1.2):
    - SwiftMoment (~> 0.1)
  - Charts (2.2.5):
    - Charts/Core (= 2.2.5)
  - Charts/Core (2.2.5)
  - FontAwesome-iOS (0.0.4)
  - IQKeyboardManagerSwift (4.0.3)
  - Localize-Swift (1.5)
  - Material (1.42.6)
  - SwiftMoment (0.5.1)

DEPENDENCIES:
  - CalendarView
  - Charts
  - FontAwesome-iOS
  - IQKeyboardManagerSwift
  - Localize-Swift (~> 1.5)
  - Material (~> 1.0)

SPEC CHECKSUMS:
  CalendarView: 35d51b70586213604edec22a585d105273f6e191
  Charts: b48fcc8d7190de910ff9e9748f5360c8ea7856e5
  FontAwesome-iOS: 0fd503f7ae46780e17c2dd98e70fed30b5f90322
  IQKeyboardManagerSwift: b6883b720b0e76473692fdc80828442566e1075f
  Localize-Swift: 288aa763db72b0628d2cb111fbf5babc90529d0c
  Material: 76dc9b14ad8b3a2ad673b77ad73dd66ed1eee68c
  SwiftMoment: 469c0734b5d4d6631a15a91f8093cf436c3cbb7c

PODFILE CHECKSUM: d34de51e14f704ada765de019f04239c4b0800aa

COCOAPODS: 1.0.1
