PODS:
  - Charts (2.3.0):
    - Charts/Core (= 2.3.0)
  - Charts/Core (2.3.0)
  - FontAwesome-iOS (0.0.4)
  - IQKeyboardManagerSwift (4.0.5)
  - JTAppleCalendar (5.0.1)
  - Localize-Swift (1.5)
  - Material (1.42.9)
  - SwiftMoment (0.5.1)

DEPENDENCIES:
  - Charts
  - FontAwesome-iOS
  - IQKeyboardManagerSwift (= 4.0.5)
  - JTAppleCalendar
  - Localize-Swift (= 1.5)
  - Material (from `https://github.com/CosmicMind/Material.git`, branch `swift-2.3`)
  - SwiftMoment

EXTERNAL SOURCES:
  Material:
    :branch: swift-2.3
    :git: https://github.com/CosmicMind/Material.git

CHECKOUT OPTIONS:
  Material:
    :commit: 485b3a7346f53425b36c00be1b2852857bf0aae9
    :git: https://github.com/CosmicMind/Material.git

SPEC CHECKSUMS:
  Charts: 55d7fd9af175b500208601bea872f0fc72c1d19e
  FontAwesome-iOS: 0fd503f7ae46780e17c2dd98e70fed30b5f90322
  IQKeyboardManagerSwift: 41fd3a45a2cdb2a0e031af697708a95b865068a1
  JTAppleCalendar: cb2417b1f3367d1993e31720a663646742139a5c
  Localize-Swift: 288aa763db72b0628d2cb111fbf5babc90529d0c
  Material: a84ed893b7785f0d3c8d568e88c055f82b436473
  SwiftMoment: 469c0734b5d4d6631a15a91f8093cf436c3cbb7c

PODFILE CHECKSUM: cb2c7f995b0565f33fd31d1a78918857a99db5c5

COCOAPODS: 1.0.1
