PODS:
  - CalendarView (1.1.2):
    - SwiftMoment (~> 0.1)
  - Localize-Swift (1.5)
  - SwiftMoment (0.5.1)

DEPENDENCIES:
  - CalendarView
  - Localize-Swift (~> 1.5)

SPEC CHECKSUMS:
  CalendarView: 35d51b70586213604edec22a585d105273f6e191
  Localize-Swift: 288aa763db72b0628d2cb111fbf5babc90529d0c
  SwiftMoment: 469c0734b5d4d6631a15a91f8093cf436c3cbb7c

PODFILE CHECKSUM: 4b1e44d5b50c53d554f7d1675e4706f0db692050

COCOAPODS: 1.0.1
